// !$*UTF8*$!
{
	archiveVersion = 1;
	classes = {
	};
	objectVersion = 46;
	objects = {

/* Begin PBXBuildFile section */
		D44CC0101EABB208002336C1 /* AppDelegate.swift in Sources */ = {isa = PBXBuildFile; fileRef = D44CC00F1EABB208002336C1 /* AppDelegate.swift */; };
		D44CC0121EABB208002336C1 /* ViewController.swift in Sources */ = {isa = PBXBuildFile; fileRef = D44CC0111EABB208002336C1 /* ViewController.swift */; };
		D44CC0151EABB208002336C1 /* Main.storyboard in Resources */ = {isa = PBXBuildFile; fileRef = D44CC0131EABB208002336C1 /* Main.storyboard */; };
		D44CC0171EABB208002336C1 /* Assets.xcassets in Resources */ = {isa = PBXBuildFile; fileRef = D44CC0161EABB208002336C1 /* Assets.xcassets */; };
		D44CC01A1EABB208002336C1 /* LaunchScreen.storyboard in Resources */ = {isa = PBXBuildFile; fileRef = D44CC0181EABB208002336C1 /* LaunchScreen.storyboard */; };
		D4B752A21EADBE1D002D730D /* CollectionViewLayout.swift in Sources */ = {isa = PBXBuildFile; fileRef = D4B752A11EADBE1D002D730D /* CollectionViewLayout.swift */; };
		D4B752A41EADBF26002D730D /* CollectionViewLayoutInspector.swift in Sources */ = {isa = PBXBuildFile; fileRef = D4B752A31EADBF26002D730D /* CollectionViewLayoutInspector.swift */; };
		D4B752A61EADC51B002D730D /* ImageCellNode.swift in Sources */ = {isa = PBXBuildFile; fileRef = D4B752A51EADC51B002D730D /* ImageCellNode.swift */; };
		D762F318DD85B53825CCF163 /* Pods_AsyncDisplayKit_Practice.framework in Frameworks */ = {isa = PBXBuildFile; fileRef = F42614A4E5E943A89E1FE401 /* Pods_AsyncDisplayKit_Practice.framework */; };
/* End PBXBuildFile section */

/* Begin PBXCopyFilesBuildPhase section */
		D44CC02A1EABB249002336C1 /* Embed Frameworks */ = {
			isa = PBXCopyFilesBuildPhase;
			buildActionMask = 2147483647;
			dstPath = "";
			dstSubfolderSpec = 10;
			files = (
			);
			name = "Embed Frameworks";
			runOnlyForDeploymentPostprocessing = 0;
		};
/* End PBXCopyFilesBuildPhase section */

/* Begin PBXFileReference section */
		987D15252CC6A25400A245B0 /* Pods-AsyncDisplayKit-Practice.release.xcconfig */ = {isa = PBXFileReference; includeInIndex = 1; lastKnownFileType = text.xcconfig; name = "Pods-AsyncDisplayKit-Practice.release.xcconfig"; path = "Pods/Target Support Files/Pods-AsyncDisplayKit-Practice/Pods-AsyncDisplayKit-Practice.release.xcconfig"; sourceTree = "<group>"; };
		9D50B969CDDEFBC599C80888 /* Pods-AsyncDisplayKit-Practice.debug.xcconfig */ = {isa = PBXFileReference; includeInIndex = 1; lastKnownFileType = text.xcconfig; name = "Pods-AsyncDisplayKit-Practice.debug.xcconfig"; path = "Pods/Target Support Files/Pods-AsyncDisplayKit-Practice/Pods-AsyncDisplayKit-Practice.debug.xcconfig"; sourceTree = "<group>"; };
		D44CC00C1EABB208002336C1 /* AsyncDisplayKit-Practice.app */ = {isa = PBXFileReference; explicitFileType = wrapper.application; includeInIndex = 0; path = "AsyncDisplayKit-Practice.app"; sourceTree = BUILT_PRODUCTS_DIR; };
		D44CC00F1EABB208002336C1 /* AppDelegate.swift */ = {isa = PBXFileReference; lastKnownFileType = sourcecode.swift; path = AppDelegate.swift; sourceTree = "<group>"; };
		D44CC0111EABB208002336C1 /* ViewController.swift */ = {isa = PBXFileReference; lastKnownFileType = sourcecode.swift; path = ViewController.swift; sourceTree = "<group>"; };
		D44CC0141EABB208002336C1 /* Base */ = {isa = PBXFileReference; lastKnownFileType = file.storyboard; name = Base; path = Base.lproj/Main.storyboard; sourceTree = "<group>"; };
		D44CC0161EABB208002336C1 /* Assets.xcassets */ = {isa = PBXFileReference; lastKnownFileType = folder.assetcatalog; path = Assets.xcassets; sourceTree = "<group>"; };
		D44CC0191EABB208002336C1 /* Base */ = {isa = PBXFileReference; lastKnownFileType = file.storyboard; name = Base; path = Base.lproj/LaunchScreen.storyboard; sourceTree = "<group>"; };
		D44CC01B1EABB208002336C1 /* Info.plist */ = {isa = PBXFileReference; lastKnownFileType = text.plist.xml; path = Info.plist; sourceTree = "<group>"; };
		D4B752A11EADBE1D002D730D /* CollectionViewLayout.swift */ = {isa = PBXFileReference; fileEncoding = 4; lastKnownFileType = sourcecode.swift; path = CollectionViewLayout.swift; sourceTree = "<group>"; };
		D4B752A31EADBF26002D730D /* CollectionViewLayoutInspector.swift */ = {isa = PBXFileReference; fileEncoding = 4; lastKnownFileType = sourcecode.swift; path = CollectionViewLayoutInspector.swift; sourceTree = "<group>"; };
		D4B752A51EADC51B002D730D /* ImageCellNode.swift */ = {isa = PBXFileReference; fileEncoding = 4; lastKnownFileType = sourcecode.swift; path = ImageCellNode.swift; sourceTree = "<group>"; };
		F42614A4E5E943A89E1FE401 /* Pods_AsyncDisplayKit_Practice.framework */ = {isa = PBXFileReference; explicitFileType = wrapper.framework; includeInIndex = 0; path = Pods_AsyncDisplayKit_Practice.framework; sourceTree = BUILT_PRODUCTS_DIR; };
/* End PBXFileReference section */

/* Begin PBXFrameworksBuildPhase section */
		D44CC0091EABB208002336C1 /* Frameworks */ = {
			isa = PBXFrameworksBuildPhase;
			buildActionMask = 2147483647;
			files = (
				D762F318DD85B53825CCF163 /* Pods_AsyncDisplayKit_Practice.framework in Frameworks */,
			);
			runOnlyForDeploymentPostprocessing = 0;
		};
/* End PBXFrameworksBuildPhase section */

/* Begin PBXGroup section */
		0B4AC4118AD538B668AC0F05 /* Pods */ = {
			isa = PBXGroup;
			children = (
				9D50B969CDDEFBC599C80888 /* Pods-AsyncDisplayKit-Practice.debug.xcconfig */,
				987D15252CC6A25400A245B0 /* Pods-AsyncDisplayKit-Practice.release.xcconfig */,
			);
			name = Pods;
			sourceTree = "<group>";
		};
		9B1510593D5871FA768C9331 /* Frameworks */ = {
			isa = PBXGroup;
			children = (
				F42614A4E5E943A89E1FE401 /* Pods_AsyncDisplayKit_Practice.framework */,
			);
			name = Frameworks;
			sourceTree = "<group>";
		};
		D44CC0031EABB208002336C1 = {
			isa = PBXGroup;
			children = (
				D44CC00E1EABB208002336C1 /* AsyncDisplayKit-Practice */,
				D44CC00D1EABB208002336C1 /* Products */,
				0B4AC4118AD538B668AC0F05 /* Pods */,
				9B1510593D5871FA768C9331 /* Frameworks */,
			);
			sourceTree = "<group>";
		};
		D44CC00D1EABB208002336C1 /* Products */ = {
			isa = PBXGroup;
			children = (
				D44CC00C1EABB208002336C1 /* AsyncDisplayKit-Practice.app */,
			);
			name = Products;
			sourceTree = "<group>";
		};
		D44CC00E1EABB208002336C1 /* AsyncDisplayKit-Practice */ = {
			isa = PBXGroup;
			children = (
				D44CC00F1EABB208002336C1 /* AppDelegate.swift */,
				D44CC0111EABB208002336C1 /* ViewController.swift */,
				D4B752A51EADC51B002D730D /* ImageCellNode.swift */,
				D4B752A11EADBE1D002D730D /* CollectionViewLayout.swift */,
				D4B752A31EADBF26002D730D /* CollectionViewLayoutInspector.swift */,
				D44CC0131EABB208002336C1 /* Main.storyboard */,
				D44CC0161EABB208002336C1 /* Assets.xcassets */,
				D44CC0181EABB208002336C1 /* LaunchScreen.storyboard */,
				D44CC01B1EABB208002336C1 /* Info.plist */,
			);
			path = "AsyncDisplayKit-Practice";
			sourceTree = "<group>";
		};
/* End PBXGroup section */

/* Begin PBXNativeTarget section */
		D44CC00B1EABB208002336C1 /* AsyncDisplayKit-Practice */ = {
			isa = PBXNativeTarget;
			buildConfigurationList = D44CC01E1EABB208002336C1 /* Build configuration list for PBXNativeTarget "AsyncDisplayKit-Practice" */;
			buildPhases = (
				D986F1430262DF9AB9C524CE /* [CP] Check Pods Manifest.lock */,
				D44CC0081EABB208002336C1 /* Sources */,
				D44CC0091EABB208002336C1 /* Frameworks */,
				D44CC00A1EABB208002336C1 /* Resources */,
				D44CC02A1EABB249002336C1 /* Embed Frameworks */,
				020CAE9DF26B52F6330D033C /* [CP] Embed Pods Frameworks */,
				536E46B774757F46E0455D57 /* [CP] Copy Pods Resources */,
			);
			buildRules = (
			);
			dependencies = (
			);
			name = "AsyncDisplayKit-Practice";
			productName = "AsyncDisplayKit-Practice";
			productReference = D44CC00C1EABB208002336C1 /* AsyncDisplayKit-Practice.app */;
			productType = "com.apple.product-type.application";
		};
/* End PBXNativeTarget section */

/* Begin PBXProject section */
		D44CC0041EABB208002336C1 /* Project object */ = {
			isa = PBXProject;
			attributes = {
				LastSwiftUpdateCheck = 0830;
				LastUpgradeCheck = 0830;
				ORGANIZATIONNAME = "jinsei shima";
				TargetAttributes = {
					D44CC00B1EABB208002336C1 = {
						CreatedOnToolsVersion = 8.3.1;
						ProvisioningStyle = Automatic;
					};
				};
			};
			buildConfigurationList = D44CC0071EABB208002336C1 /* Build configuration list for PBXProject "AsyncDisplayKit-Practice" */;
			compatibilityVersion = "Xcode 3.2";
			developmentRegion = English;
			hasScannedForEncodings = 0;
			knownRegions = (
				en,
				Base,
			);
			mainGroup = D44CC0031EABB208002336C1;
			productRefGroup = D44CC00D1EABB208002336C1 /* Products */;
			projectDirPath = "";
			projectRoot = "";
			targets = (
				D44CC00B1EABB208002336C1 /* AsyncDisplayKit-Practice */,
			);
		};
/* End PBXProject section */

/* Begin PBXResourcesBuildPhase section */
		D44CC00A1EABB208002336C1 /* Resources */ = {
			isa = PBXResourcesBuildPhase;
			buildActionMask = 2147483647;
			files = (
				D44CC01A1EABB208002336C1 /* LaunchScreen.storyboard in Resources */,
				D44CC0171EABB208002336C1 /* Assets.xcassets in Resources */,
				D44CC0151EABB208002336C1 /* Main.storyboard in Resources */,
			);
			runOnlyForDeploymentPostprocessing = 0;
		};
/* End PBXResourcesBuildPhase section */

/* Begin PBXShellScriptBuildPhase section */
		020CAE9DF26B52F6330D033C /* [CP] Embed Pods Frameworks */ = {
			isa = PBXShellScriptBuildPhase;
			buildActionMask = 2147483647;
			files = (
			);
			inputPaths = (
			);
			name = "[CP] Embed Pods Frameworks";
			outputPaths = (
			);
			runOnlyForDeploymentPostprocessing = 0;
			shellPath = /bin/sh;
			shellScript = "\"${SRCROOT}/Pods/Target Support Files/Pods-AsyncDisplayKit-Practice/Pods-AsyncDisplayKit-Practice-frameworks.sh\"\n";
			showEnvVarsInLog = 0;
		};
		536E46B774757F46E0455D57 /* [CP] Copy Pods Resources */ = {
			isa = PBXShellScriptBuildPhase;
			buildActionMask = 2147483647;
			files = (
			);
			inputPaths = (
			);
			name = "[CP] Copy Pods Resources";
			outputPaths = (
			);
			runOnlyForDeploymentPostprocessing = 0;
			shellPath = /bin/sh;
			shellScript = "\"${SRCROOT}/Pods/Target Support Files/Pods-AsyncDisplayKit-Practice/Pods-AsyncDisplayKit-Practice-resources.sh\"\n";
			showEnvVarsInLog = 0;
		};
		D986F1430262DF9AB9C524CE /* [CP] Check Pods Manifest.lock */ = {
			isa = PBXShellScriptBuildPhase;
			buildActionMask = 2147483647;
			files = (
			);
			inputPaths = (
			);
			name = "[CP] Check Pods Manifest.lock";
			outputPaths = (
			);
			runOnlyForDeploymentPostprocessing = 0;
			shellPath = /bin/sh;
			shellScript = "diff \"${PODS_PODFILE_DIR_PATH}/Podfile.lock\" \"${PODS_ROOT}/Manifest.lock\" > /dev/null\nif [ $? != 0 ] ; then\n    # print error to STDERR\n    echo \"error: The sandbox is not in sync with the Podfile.lock. Run 'pod install' or update your CocoaPods installation.\" >&2\n    exit 1\nfi\n";
			showEnvVarsInLog = 0;
		};
/* End PBXShellScriptBuildPhase section */

/* Begin PBXSourcesBuildPhase section */
		D44CC0081EABB208002336C1 /* Sources */ = {
			isa = PBXSourcesBuildPhase;
			buildActionMask = 2147483647;
			files = (
				D4B752A21EADBE1D002D730D /* CollectionViewLayout.swift in Sources */,
				D44CC0121EABB208002336C1 /* ViewController.swift in Sources */,
				D4B752A41EADBF26002D730D /* CollectionViewLayoutInspector.swift in Sources */,
				D4B752A61EADC51B002D730D /* ImageCellNode.swift in Sources */,
				D44CC0101EABB208002336C1 /* AppDelegate.swift in Sources */,
			);
			runOnlyForDeploymentPostprocessing = 0;
		};
/* End PBXSourcesBuildPhase section */

/* Begin PBXVariantGroup section */
		D44CC0131EABB208002336C1 /* Main.storyboard */ = {
			isa = PBXVariantGroup;
			children = (
				D44CC0141EABB208002336C1 /* Base */,
			);
			name = Main.storyboard;
			sourceTree = "<group>";
		};
		D44CC0181EABB208002336C1 /* LaunchScreen.storyboard */ = {
			isa = PBXVariantGroup;
			children = (
				D44CC0191EABB208002336C1 /* Base */,
			);
			name = LaunchScreen.storyboard;
			sourceTree = "<group>";
		};
/* End PBXVariantGroup section */

/* Begin XCBuildConfiguration section */
		D44CC01C1EABB208002336C1 /* Debug */ = {
			isa = XCBuildConfiguration;
			buildSettings = {
				ALWAYS_SEARCH_USER_PATHS = NO;
				CLANG_ANALYZER_NONNULL = YES;
				CLANG_ANALYZER_NUMBER_OBJECT_CONVERSION = YES_AGGRESSIVE;
				CLANG_CXX_LANGUAGE_STANDARD = "gnu++0x";
				CLANG_CXX_LIBRARY = "libc++";
				CLANG_ENABLE_MODULES = YES;
				CLANG_ENABLE_OBJC_ARC = YES;
				CLANG_WARN_BOOL_CONVERSION = YES;
				CLANG_WARN_CONSTANT_CONVERSION = YES;
				CLANG_WARN_DIRECT_OBJC_ISA_USAGE = YES_ERROR;
				CLANG_WARN_DOCUMENTATION_COMMENTS = YES;
				CLANG_WARN_EMPTY_BODY = YES;
				CLANG_WARN_ENUM_CONVERSION = YES;
				CLANG_WARN_INFINITE_RECURSION = YES;
				CLANG_WARN_INT_CONVERSION = YES;
				CLANG_WARN_OBJC_ROOT_CLASS = YES_ERROR;
				CLANG_WARN_SUSPICIOUS_MOVE = YES;
				CLANG_WARN_UNREACHABLE_CODE = YES;
				CLANG_WARN__DUPLICATE_METHOD_MATCH = YES;
				"CODE_SIGN_IDENTITY[sdk=iphoneos*]" = "iPhone Developer";
				COPY_PHASE_STRIP = NO;
				DEBUG_INFORMATION_FORMAT = dwarf;
				ENABLE_STRICT_OBJC_MSGSEND = YES;
				ENABLE_TESTABILITY = YES;
				GCC_C_LANGUAGE_STANDARD = gnu99;
				GCC_DYNAMIC_NO_PIC = NO;
				GCC_NO_COMMON_BLOCKS = YES;
				GCC_OPTIMIZATION_LEVEL = 0;
				GCC_PREPROCESSOR_DEFINITIONS = (
					"DEBUG=1",
					"$(inherited)",
				);
				GCC_WARN_64_TO_32_BIT_CONVERSION = YES;
				GCC_WARN_ABOUT_RETURN_TYPE = YES_ERROR;
				GCC_WARN_UNDECLARED_SELECTOR = YES;
				GCC_WARN_UNINITIALIZED_AUTOS = YES_AGGRESSIVE;
				GCC_WARN_UNUSED_FUNCTION = YES;
				GCC_WARN_UNUSED_VARIABLE = YES;
				IPHONEOS_DEPLOYMENT_TARGET = 10.3;
				MTL_ENABLE_DEBUG_INFO = YES;
				ONLY_ACTIVE_ARCH = YES;
				SDKROOT = iphoneos;
				SWIFT_ACTIVE_COMPILATION_CONDITIONS = DEBUG;
				SWIFT_OPTIMIZATION_LEVEL = "-Onone";
			};
			name = Debug;
		};
		D44CC01D1EABB208002336C1 /* Release */ = {
			isa = XCBuildConfiguration;
			buildSettings = {
				ALWAYS_SEARCH_USER_PATHS = NO;
				CLANG_ANALYZER_NONNULL = YES;
				CLANG_ANALYZER_NUMBER_OBJECT_CONVERSION = YES_AGGRESSIVE;
				CLANG_CXX_LANGUAGE_STANDARD = "gnu++0x";
				CLANG_CXX_LIBRARY = "libc++";
				CLANG_ENABLE_MODULES = YES;
				CLANG_ENABLE_OBJC_ARC = YES;
				CLANG_WARN_BOOL_CONVERSION = YES;
				CLANG_WARN_CONSTANT_CONVERSION = YES;
				CLANG_WARN_DIRECT_OBJC_ISA_USAGE = YES_ERROR;
				CLANG_WARN_DOCUMENTATION_COMMENTS = YES;
				CLANG_WARN_EMPTY_BODY = YES;
				CLANG_WARN_ENUM_CONVERSION = YES;
				CLANG_WARN_INFINITE_RECURSION = YES;
				CLANG_WARN_INT_CONVERSION = YES;
				CLANG_WARN_OBJC_ROOT_CLASS = YES_ERROR;
				CLANG_WARN_SUSPICIOUS_MOVE = YES;
				CLANG_WARN_UNREACHABLE_CODE = YES;
				CLANG_WARN__DUPLICATE_METHOD_MATCH = YES;
				"CODE_SIGN_IDENTITY[sdk=iphoneos*]" = "iPhone Developer";
				COPY_PHASE_STRIP = NO;
				DEBUG_INFORMATION_FORMAT = "dwarf-with-dsym";
				ENABLE_NS_ASSERTIONS = NO;
				ENABLE_STRICT_OBJC_MSGSEND = YES;
				GCC_C_LANGUAGE_STANDARD = gnu99;
				GCC_NO_COMMON_BLOCKS = YES;
				GCC_WARN_64_TO_32_BIT_CONVERSION = YES;
				GCC_WARN_ABOUT_RETURN_TYPE = YES_ERROR;
				GCC_WARN_UNDECLARED_SELECTOR = YES;
				GCC_WARN_UNINITIALIZED_AUTOS = YES_AGGRESSIVE;
				GCC_WARN_UNUSED_FUNCTION = YES;
				GCC_WARN_UNUSED_VARIABLE = YES;
				IPHONEOS_DEPLOYMENT_TARGET = 10.3;
				MTL_ENABLE_DEBUG_INFO = NO;
				SDKROOT = iphoneos;
				SWIFT_OPTIMIZATION_LEVEL = "-Owholemodule";
				VALIDATE_PRODUCT = YES;
			};
			name = Release;
		};
		D44CC01F1EABB208002336C1 /* Debug */ = {
			isa = XCBuildConfiguration;
			baseConfigurationReference = 9D50B969CDDEFBC599C80888 /* Pods-AsyncDisplayKit-Practice.debug.xcconfig */;
			buildSettings = {
				ASSETCATALOG_COMPILER_APPICON_NAME = AppIcon;
				"CODE_SIGN_IDENTITY[sdk=iphoneos*]" = "iPhone Developer";
				DEVELOPMENT_TEAM = "";
				FRAMEWORK_SEARCH_PATHS = (
					"$(inherited)",
					"$(PROJECT_DIR)/Carthage/Build/iOS",
				);
				INFOPLIST_FILE = "AsyncDisplayKit-Practice/Info.plist";
				LD_RUNPATH_SEARCH_PATHS = "$(inherited) @executable_path/Frameworks";
				PRODUCT_BUNDLE_IDENTIFIER = "com.shimaApps.AsyncDisplayKit-Practice";
				PRODUCT_NAME = "$(TARGET_NAME)";
				PROVISIONING_PROFILE_SPECIFIER = "";
				SWIFT_VERSION = 3.0;
			};
			name = Debug;
		};
		D44CC0201EABB208002336C1 /* Release */ = {
			isa = XCBuildConfiguration;
			baseConfigurationReference = 987D15252CC6A25400A245B0 /* Pods-AsyncDisplayKit-Practice.release.xcconfig */;
			buildSettings = {
				ASSETCATALOG_COMPILER_APPICON_NAME = AppIcon;
				"CODE_SIGN_IDENTITY[sdk=iphoneos*]" = "iPhone Developer";
				DEVELOPMENT_TEAM = "";
				FRAMEWORK_SEARCH_PATHS = (
					"$(inherited)",
					"$(PROJECT_DIR)/Carthage/Build/iOS",
				);
				INFOPLIST_FILE = "AsyncDisplayKit-Practice/Info.plist";
				LD_RUNPATH_SEARCH_PATHS = "$(inherited) @executable_path/Frameworks";
				PRODUCT_BUNDLE_IDENTIFIER = "com.shimaApps.AsyncDisplayKit-Practice";
				PRODUCT_NAME = "$(TARGET_NAME)";
				PROVISIONING_PROFILE_SPECIFIER = "";
				SWIFT_VERSION = 3.0;
			};
			name = Release;
		};
/* End XCBuildConfiguration section */

/* Begin XCConfigurationList section */
		D44CC0071EABB208002336C1 /* Build configuration list for PBXProject "AsyncDisplayKit-Practice" */ = {
			isa = XCConfigurationList;
			buildConfigurations = (
				D44CC01C1EABB208002336C1 /* Debug */,
				D44CC01D1EABB208002336C1 /* Release */,
			);
			defaultConfigurationIsVisible = 0;
			defaultConfigurationName = Release;
		};
		D44CC01E1EABB208002336C1 /* Build configuration list for PBXNativeTarget "AsyncDisplayKit-Practice" */ = {
			isa = XCConfigurationList;
			buildConfigurations = (
				D44CC01F1EABB208002336C1 /* Debug */,
				D44CC0201EABB208002336C1 /* Release */,
			);
			defaultConfigurationIsVisible = 0;
			defaultConfigurationName = Release;
		};
/* End XCConfigurationList section */
	};
	rootObject = D44CC0041EABB208002336C1 /* Project object */;
}
